# THIS IS AN AUTOGENERATED FILE. DO NOT EDIT THIS FILE DIRECTLY.
# yarn lockfile v1


"@ravn-dev/prettier-config@^0.0.6":
  version "0.0.6"
  resolved "https://registry.yarnpkg.com/@ravn-dev/prettier-config/-/prettier-config-0.0.6.tgz#418068c6c31e8681feed52fb319a03035f4fa05b"
  integrity sha512-4ikSLCY51LQSKGzvdnnj/l4KLf5mEam/nXfhodsVhXkqTWLJ7c/sUtCDvdr8wMJJwIq9YqEjLCtleIYfHvPhWg==

prettier@^2.2.1:
  version "2.2.1"
  resolved "https://registry.yarnpkg.com/prettier/-/prettier-2.2.1.tgz#795a1a78dd52f073da0cd42b21f9c91381923ff5"
  integrity sha512-PqyhM2yCjg/oKkFPtTGUojv7gnZAoG80ttl45O6x2Ug/rMJw4wcc9k6aaf2hibP7BGVCCM33gZoGjyvt9mm16Q==

typescript@^4.2.2:
  version "4.2.2"
  resolved "https://registry.yarnpkg.com/typescript/-/typescript-4.2.2.tgz#1450f020618f872db0ea17317d16d8da8ddb8c4c"
  integrity sha512-tbb+NVrLfnsJy3M59lsDgrzWIflR4d4TIUjz+heUnHZwdF7YsrMTKoRERiIvI2lvBG95dfpLxB21WZhys1bgaQ==
